
Microsoft Visual Studio Solution File, Format Version 12.00
# Visual Studio Version 17
VisualStudioVersion = 17.3.32929.385
MinimumVisualStudioVersion = 10.0.40219.1
Project("{8BC9CEB8-8B4A-11D0-8D11-00A0C91BC942}") = "Wizard Game Project", "Wizard Game Project\Wizard Game Project.vcxproj", "{A60F0FA3-199F-4FB5-91CA-94E704118CB0}"
EndProject
Global
	GlobalSection(SolutionConfigurationPlatforms) = preSolution
		Debug|x64 = Debug|x64
		Debug|x86 = Debug|x86
		Release|x64 = Release|x64
		Release|x86 = Release|x86
	EndGlobalSection
	GlobalSection(ProjectConfigurationPlatforms) = postSolution
		{A60F0FA3-199F-4FB5-91CA-94E704118CB0}.Debug|x64.ActiveCfg = Debug|x64
		{A60F0FA3-199F-4FB5-91CA-94E704118CB0}.Debug|x64.Build.0 = Debug|x64
		{A60F0FA3-199F-4FB5-91CA-94E704118CB0}.Debug|x86.ActiveCfg = Debug|Win32
		{A60F0FA3-199F-4FB5-91CA-94E704118CB0}.Debug|x86.Build.0 = Debug|Win32
		{A60F0FA3-199F-4FB5-91CA-94E704118CB0}.Release|x64.ActiveCfg = Release|x64
		{A60F0FA3-199F-4FB5-91CA-94E704118CB0}.Release|x64.Build.0 = Release|x64
		{A60F0FA3-199F-4FB5-91CA-94E704118CB0}.Release|x86.ActiveCfg = Release|Win32
		{A60F0FA3-199F-4FB5-91CA-94E704118CB0}.Release|x86.Build.0 = Release|Win32
	EndGlobalSection
	GlobalSection(SolutionProperties) = preSolution
		HideSolutionNode = FALSE
	EndGlobalSection
	GlobalSection(ExtensibilityGlobals) = postSolution
		SolutionGuid = {5B94B2C1-901C-4A5A-9439-C58B563D6D1F}
	EndGlobalSection
EndGlobal
